// !$*UTF8*$!
{
	archiveVersion = 1;
	classes = {
	};
	objectVersion = 50;
	objects = {

/* Begin PBXBuildFile section */
		D401292B235648BE00E429D3 /* AppDelegate.swift in Sources */ = {isa = PBXBuildFile; fileRef = D401292A235648BE00E429D3 /* AppDelegate.swift */; };
		D401292D235648BE00E429D3 /* SceneDelegate.swift in Sources */ = {isa = PBXBuildFile; fileRef = D401292C235648BE00E429D3 /* SceneDelegate.swift */; };
		D401292F235648BE00E429D3 /* ViewController.swift in Sources */ = {isa = PBXBuildFile; fileRef = D401292E235648BE00E429D3 /* ViewController.swift */; };
		D4012932235648BE00E429D3 /* Main.storyboard in Resources */ = {isa = PBXBuildFile; fileRef = D4012930235648BE00E429D3 /* Main.storyboard */; };
		D4012934235648C400E429D3 /* Assets.xcassets in Resources */ = {isa = PBXBuildFile; fileRef = D4012933235648C400E429D3 /* Assets.xcassets */; };
		D4012937235648C400E429D3 /* LaunchScreen.storyboard in Resources */ = {isa = PBXBuildFile; fileRef = D4012935235648C400E429D3 /* LaunchScreen.storyboard */; };
		D401294323564AC300E429D3 /* (null) in Sources */ = {isa = PBXBuildFile; };
		D4AB2F61235657EF00171ED2 /* MovieTableViewCell.swift in Sources */ = {isa = PBXBuildFile; fileRef = D4AB2F5F235657EE00171ED2 /* MovieTableViewCell.swift */; };
		D4AB2F62235657EF00171ED2 /* MoviesViewController.swift in Sources */ = {isa = PBXBuildFile; fileRef = D4AB2F60235657EE00171ED2 /* MoviesViewController.swift */; };
		D4AB2F662356583900171ED2 /* Movie.swift in Sources */ = {isa = PBXBuildFile; fileRef = D4AB2F632356583900171ED2 /* Movie.swift */; };
		D4AB2F672356583900171ED2 /* ExampleData.swift in Sources */ = {isa = PBXBuildFile; fileRef = D4AB2F642356583900171ED2 /* ExampleData.swift */; };
		D4AB2F682356583900171ED2 /* CinemaRoom.swift in Sources */ = {isa = PBXBuildFile; fileRef = D4AB2F652356583900171ED2 /* CinemaRoom.swift */; };
/* End PBXBuildFile section */

/* Begin PBXFileReference section */
		D4012927235648BE00E429D3 /* cine-app.app */ = {isa = PBXFileReference; explicitFileType = wrapper.application; includeInIndex = 0; path = "cine-app.app"; sourceTree = BUILT_PRODUCTS_DIR; };
		D401292A235648BE00E429D3 /* AppDelegate.swift */ = {isa = PBXFileReference; lastKnownFileType = sourcecode.swift; path = AppDelegate.swift; sourceTree = "<group>"; };
		D401292C235648BE00E429D3 /* SceneDelegate.swift */ = {isa = PBXFileReference; lastKnownFileType = sourcecode.swift; path = SceneDelegate.swift; sourceTree = "<group>"; };
		D401292E235648BE00E429D3 /* ViewController.swift */ = {isa = PBXFileReference; lastKnownFileType = sourcecode.swift; path = ViewController.swift; sourceTree = "<group>"; };
		D4012931235648BE00E429D3 /* Base */ = {isa = PBXFileReference; lastKnownFileType = file.storyboard; name = Base; path = Base.lproj/Main.storyboard; sourceTree = "<group>"; };
		D4012933235648C400E429D3 /* Assets.xcassets */ = {isa = PBXFileReference; lastKnownFileType = folder.assetcatalog; path = Assets.xcassets; sourceTree = "<group>"; };
		D4012936235648C400E429D3 /* Base */ = {isa = PBXFileReference; lastKnownFileType = file.storyboard; name = Base; path = Base.lproj/LaunchScreen.storyboard; sourceTree = "<group>"; };
		D4012938235648C400E429D3 /* Info.plist */ = {isa = PBXFileReference; lastKnownFileType = text.plist.xml; path = Info.plist; sourceTree = "<group>"; };
		D4AB2F5F235657EE00171ED2 /* MovieTableViewCell.swift */ = {isa = PBXFileReference; fileEncoding = 4; lastKnownFileType = sourcecode.swift; path = MovieTableViewCell.swift; sourceTree = "<group>"; };
		D4AB2F60235657EE00171ED2 /* MoviesViewController.swift */ = {isa = PBXFileReference; fileEncoding = 4; lastKnownFileType = sourcecode.swift; path = MoviesViewController.swift; sourceTree = "<group>"; };
		D4AB2F632356583900171ED2 /* Movie.swift */ = {isa = PBXFileReference; fileEncoding = 4; lastKnownFileType = sourcecode.swift; path = Movie.swift; sourceTree = "<group>"; };
		D4AB2F642356583900171ED2 /* ExampleData.swift */ = {isa = PBXFileReference; fileEncoding = 4; lastKnownFileType = sourcecode.swift; path = ExampleData.swift; sourceTree = "<group>"; };
		D4AB2F652356583900171ED2 /* CinemaRoom.swift */ = {isa = PBXFileReference; fileEncoding = 4; lastKnownFileType = sourcecode.swift; path = CinemaRoom.swift; sourceTree = "<group>"; };
/* End PBXFileReference section */

/* Begin PBXFrameworksBuildPhase section */
		D4012924235648BE00E429D3 /* Frameworks */ = {
			isa = PBXFrameworksBuildPhase;
			buildActionMask = 2147483647;
			files = (
			);
			runOnlyForDeploymentPostprocessing = 0;
		};
/* End PBXFrameworksBuildPhase section */

/* Begin PBXGroup section */
		D401291E235648BE00E429D3 = {
			isa = PBXGroup;
			children = (
				D4012929235648BE00E429D3 /* cine-app */,
				D4012928235648BE00E429D3 /* Products */,
			);
			sourceTree = "<group>";
		};
		D4012928235648BE00E429D3 /* Products */ = {
			isa = PBXGroup;
			children = (
				D4012927235648BE00E429D3 /* cine-app.app */,
			);
			name = Products;
			sourceTree = "<group>";
		};
		D4012929235648BE00E429D3 /* cine-app */ = {
			isa = PBXGroup;
			children = (
				D401293F235649CC00E429D3 /* Model */,
				D401292A235648BE00E429D3 /* AppDelegate.swift */,
				D401292C235648BE00E429D3 /* SceneDelegate.swift */,
				D401292E235648BE00E429D3 /* ViewController.swift */,
				D4012930235648BE00E429D3 /* Main.storyboard */,
				D4012933235648C400E429D3 /* Assets.xcassets */,
				D4012935235648C400E429D3 /* LaunchScreen.storyboard */,
				D4012938235648C400E429D3 /* Info.plist */,
				D4AB2F60235657EE00171ED2 /* MoviesViewController.swift */,
				D4AB2F5F235657EE00171ED2 /* MovieTableViewCell.swift */,
			);
			path = "cine-app";
			sourceTree = "<group>";
		};
		D401293F235649CC00E429D3 /* Model */ = {
			isa = PBXGroup;
			children = (
				D4AB2F652356583900171ED2 /* CinemaRoom.swift */,
				D4AB2F642356583900171ED2 /* ExampleData.swift */,
				D4AB2F632356583900171ED2 /* Movie.swift */,
			);
			path = Model;
			sourceTree = "<group>";
		};
/* End PBXGroup section */

/* Begin PBXNativeTarget section */
		D4012926235648BE00E429D3 /* cine-app */ = {
			isa = PBXNativeTarget;
			buildConfigurationList = D401293B235648C400E429D3 /* Build configuration list for PBXNativeTarget "cine-app" */;
			buildPhases = (
				D4012923235648BE00E429D3 /* Sources */,
				D4012924235648BE00E429D3 /* Frameworks */,
				D4012925235648BE00E429D3 /* Resources */,
			);
			buildRules = (
			);
			dependencies = (
			);
			name = "cine-app";
			productName = "cine-app";
			productReference = D4012927235648BE00E429D3 /* cine-app.app */;
			productType = "com.apple.product-type.application";
		};
/* End PBXNativeTarget section */

/* Begin PBXProject section */
		D401291F235648BE00E429D3 /* Project object */ = {
			isa = PBXProject;
			attributes = {
				LastSwiftUpdateCheck = 1110;
				LastUpgradeCheck = 1110;
				ORGANIZATIONNAME = "Alejandro Mendoza";
				TargetAttributes = {
					D4012926235648BE00E429D3 = {
						CreatedOnToolsVersion = 11.1;
					};
				};
			};
			buildConfigurationList = D4012922235648BE00E429D3 /* Build configuration list for PBXProject "cine-app" */;
			compatibilityVersion = "Xcode 9.3";
			developmentRegion = en;
			hasScannedForEncodings = 0;
			knownRegions = (
				en,
				Base,
			);
			mainGroup = D401291E235648BE00E429D3;
			productRefGroup = D4012928235648BE00E429D3 /* Products */;
			projectDirPath = "";
			projectRoot = "";
			targets = (
				D4012926235648BE00E429D3 /* cine-app */,
			);
		};
/* End PBXProject section */

/* Begin PBXResourcesBuildPhase section */
		D4012925235648BE00E429D3 /* Resources */ = {
			isa = PBXResourcesBuildPhase;
			buildActionMask = 2147483647;
			files = (
				D4012937235648C400E429D3 /* LaunchScreen.storyboard in Resources */,
				D4012934235648C400E429D3 /* Assets.xcassets in Resources */,
				D4012932235648BE00E429D3 /* Main.storyboard in Resources */,
			);
			runOnlyForDeploymentPostprocessing = 0;
		};
/* End PBXResourcesBuildPhase section */

/* Begin PBXSourcesBuildPhase section */
		D4012923235648BE00E429D3 /* Sources */ = {
			isa = PBXSourcesBuildPhase;
			buildActionMask = 2147483647;
			files = (
				D4AB2F682356583900171ED2 /* CinemaRoom.swift in Sources */,
				D4AB2F662356583900171ED2 /* Movie.swift in Sources */,
				D4AB2F61235657EF00171ED2 /* MovieTableViewCell.swift in Sources */,
				D4AB2F672356583900171ED2 /* ExampleData.swift in Sources */,
				D401294323564AC300E429D3 /* (null) in Sources */,
				D401292F235648BE00E429D3 /* ViewController.swift in Sources */,
				D401292B235648BE00E429D3 /* AppDelegate.swift in Sources */,
				D401292D235648BE00E429D3 /* SceneDelegate.swift in Sources */,
				D4AB2F62235657EF00171ED2 /* MoviesViewController.swift in Sources */,
			);
			runOnlyForDeploymentPostprocessing = 0;
		};
/* End PBXSourcesBuildPhase section */

/* Begin PBXVariantGroup section */
		D4012930235648BE00E429D3 /* Main.storyboard */ = {
			isa = PBXVariantGroup;
			children = (
				D4012931235648BE00E429D3 /* Base */,
			);
			name = Main.storyboard;
			sourceTree = "<group>";
		};
		D4012935235648C400E429D3 /* LaunchScreen.storyboard */ = {
			isa = PBXVariantGroup;
			children = (
				D4012936235648C400E429D3 /* Base */,
			);
			name = LaunchScreen.storyboard;
			sourceTree = "<group>";
		};
/* End PBXVariantGroup section */

/* Begin XCBuildConfiguration section */
		D4012939235648C400E429D3 /* Debug */ = {
			isa = XCBuildConfiguration;
			buildSettings = {
				ALWAYS_SEARCH_USER_PATHS = NO;
				CLANG_ANALYZER_NONNULL = YES;
				CLANG_ANALYZER_NUMBER_OBJECT_CONVERSION = YES_AGGRESSIVE;
				CLANG_CXX_LANGUAGE_STANDARD = "gnu++14";
				CLANG_CXX_LIBRARY = "libc++";
				CLANG_ENABLE_MODULES = YES;
				CLANG_ENABLE_OBJC_ARC = YES;
				CLANG_ENABLE_OBJC_WEAK = YES;
				CLANG_WARN_BLOCK_CAPTURE_AUTORELEASING = YES;
				CLANG_WARN_BOOL_CONVERSION = YES;
				CLANG_WARN_COMMA = YES;
				CLANG_WARN_CONSTANT_CONVERSION = YES;
				CLANG_WARN_DEPRECATED_OBJC_IMPLEMENTATIONS = YES;
				CLANG_WARN_DIRECT_OBJC_ISA_USAGE = YES_ERROR;
				CLANG_WARN_DOCUMENTATION_COMMENTS = YES;
				CLANG_WARN_EMPTY_BODY = YES;
				CLANG_WARN_ENUM_CONVERSION = YES;
				CLANG_WARN_INFINITE_RECURSION = YES;
				CLANG_WARN_INT_CONVERSION = YES;
				CLANG_WARN_NON_LITERAL_NULL_CONVERSION = YES;
				CLANG_WARN_OBJC_IMPLICIT_RETAIN_SELF = YES;
				CLANG_WARN_OBJC_LITERAL_CONVERSION = YES;
				CLANG_WARN_OBJC_ROOT_CLASS = YES_ERROR;
				CLANG_WARN_RANGE_LOOP_ANALYSIS = YES;
				CLANG_WARN_STRICT_PROTOTYPES = YES;
				CLANG_WARN_SUSPICIOUS_MOVE = YES;
				CLANG_WARN_UNGUARDED_AVAILABILITY = YES_AGGRESSIVE;
				CLANG_WARN_UNREACHABLE_CODE = YES;
				CLANG_WARN__DUPLICATE_METHOD_MATCH = YES;
				COPY_PHASE_STRIP = NO;
				DEBUG_INFORMATION_FORMAT = dwarf;
				ENABLE_STRICT_OBJC_MSGSEND = YES;
				ENABLE_TESTABILITY = YES;
				GCC_C_LANGUAGE_STANDARD = gnu11;
				GCC_DYNAMIC_NO_PIC = NO;
				GCC_NO_COMMON_BLOCKS = YES;
				GCC_OPTIMIZATION_LEVEL = 0;
				GCC_PREPROCESSOR_DEFINITIONS = (
					"DEBUG=1",
					"$(inherited)",
				);
				GCC_WARN_64_TO_32_BIT_CONVERSION = YES;
				GCC_WARN_ABOUT_RETURN_TYPE = YES_ERROR;
				GCC_WARN_UNDECLARED_SELECTOR = YES;
				GCC_WARN_UNINITIALIZED_AUTOS = YES_AGGRESSIVE;
				GCC_WARN_UNUSED_FUNCTION = YES;
				GCC_WARN_UNUSED_VARIABLE = YES;
				IPHONEOS_DEPLOYMENT_TARGET = 13.1;
				MTL_ENABLE_DEBUG_INFO = INCLUDE_SOURCE;
				MTL_FAST_MATH = YES;
				ONLY_ACTIVE_ARCH = YES;
				SDKROOT = iphoneos;
				SWIFT_ACTIVE_COMPILATION_CONDITIONS = DEBUG;
				SWIFT_OPTIMIZATION_LEVEL = "-Onone";
			};
			name = Debug;
		};
		D401293A235648C400E429D3 /* Release */ = {
			isa = XCBuildConfiguration;
			buildSettings = {
				ALWAYS_SEARCH_USER_PATHS = NO;
				CLANG_ANALYZER_NONNULL = YES;
				CLANG_ANALYZER_NUMBER_OBJECT_CONVERSION = YES_AGGRESSIVE;
				CLANG_CXX_LANGUAGE_STANDARD = "gnu++14";
				CLANG_CXX_LIBRARY = "libc++";
				CLANG_ENABLE_MODULES = YES;
				CLANG_ENABLE_OBJC_ARC = YES;
				CLANG_ENABLE_OBJC_WEAK = YES;
				CLANG_WARN_BLOCK_CAPTURE_AUTORELEASING = YES;
				CLANG_WARN_BOOL_CONVERSION = YES;
				CLANG_WARN_COMMA = YES;
				CLANG_WARN_CONSTANT_CONVERSION = YES;
				CLANG_WARN_DEPRECATED_OBJC_IMPLEMENTATIONS = YES;
				CLANG_WARN_DIRECT_OBJC_ISA_USAGE = YES_ERROR;
				CLANG_WARN_DOCUMENTATION_COMMENTS = YES;
				CLANG_WARN_EMPTY_BODY = YES;
				CLANG_WARN_ENUM_CONVERSION = YES;
				CLANG_WARN_INFINITE_RECURSION = YES;
				CLANG_WARN_INT_CONVERSION = YES;
				CLANG_WARN_NON_LITERAL_NULL_CONVERSION = YES;
				CLANG_WARN_OBJC_IMPLICIT_RETAIN_SELF = YES;
				CLANG_WARN_OBJC_LITERAL_CONVERSION = YES;
				CLANG_WARN_OBJC_ROOT_CLASS = YES_ERROR;
				CLANG_WARN_RANGE_LOOP_ANALYSIS = YES;
				CLANG_WARN_STRICT_PROTOTYPES = YES;
				CLANG_WARN_SUSPICIOUS_MOVE = YES;
				CLANG_WARN_UNGUARDED_AVAILABILITY = YES_AGGRESSIVE;
				CLANG_WARN_UNREACHABLE_CODE = YES;
				CLANG_WARN__DUPLICATE_METHOD_MATCH = YES;
				COPY_PHASE_STRIP = NO;
				DEBUG_INFORMATION_FORMAT = "dwarf-with-dsym";
				ENABLE_NS_ASSERTIONS = NO;
				ENABLE_STRICT_OBJC_MSGSEND = YES;
				GCC_C_LANGUAGE_STANDARD = gnu11;
				GCC_NO_COMMON_BLOCKS = YES;
				GCC_WARN_64_TO_32_BIT_CONVERSION = YES;
				GCC_WARN_ABOUT_RETURN_TYPE = YES_ERROR;
				GCC_WARN_UNDECLARED_SELECTOR = YES;
				GCC_WARN_UNINITIALIZED_AUTOS = YES_AGGRESSIVE;
				GCC_WARN_UNUSED_FUNCTION = YES;
				GCC_WARN_UNUSED_VARIABLE = YES;
				IPHONEOS_DEPLOYMENT_TARGET = 13.1;
				MTL_ENABLE_DEBUG_INFO = NO;
				MTL_FAST_MATH = YES;
				SDKROOT = iphoneos;
				SWIFT_COMPILATION_MODE = wholemodule;
				SWIFT_OPTIMIZATION_LEVEL = "-O";
				VALIDATE_PRODUCT = YES;
			};
			name = Release;
		};
		D401293C235648C400E429D3 /* Debug */ = {
			isa = XCBuildConfiguration;
			buildSettings = {
				ASSETCATALOG_COMPILER_APPICON_NAME = AppIcon;
				CODE_SIGN_STYLE = Automatic;
				DEVELOPMENT_TEAM = 27MUBRMHKJ;
				INFOPLIST_FILE = "cine-app/Info.plist";
				LD_RUNPATH_SEARCH_PATHS = (
					"$(inherited)",
					"@executable_path/Frameworks",
				);
				PRODUCT_BUNDLE_IDENTIFIER = "com.zippi.cine-app";
				PRODUCT_NAME = "$(TARGET_NAME)";
				SWIFT_VERSION = 5.0;
				TARGETED_DEVICE_FAMILY = "1,2";
			};
			name = Debug;
		};
		D401293D235648C400E429D3 /* Release */ = {
			isa = XCBuildConfiguration;
			buildSettings = {
				ASSETCATALOG_COMPILER_APPICON_NAME = AppIcon;
				CODE_SIGN_STYLE = Automatic;
				DEVELOPMENT_TEAM = 27MUBRMHKJ;
				INFOPLIST_FILE = "cine-app/Info.plist";
				LD_RUNPATH_SEARCH_PATHS = (
					"$(inherited)",
					"@executable_path/Frameworks",
				);
				PRODUCT_BUNDLE_IDENTIFIER = "com.zippi.cine-app";
				PRODUCT_NAME = "$(TARGET_NAME)";
				SWIFT_VERSION = 5.0;
				TARGETED_DEVICE_FAMILY = "1,2";
			};
			name = Release;
		};
/* End XCBuildConfiguration section */

/* Begin XCConfigurationList section */
		D4012922235648BE00E429D3 /* Build configuration list for PBXProject "cine-app" */ = {
			isa = XCConfigurationList;
			buildConfigurations = (
				D4012939235648C400E429D3 /* Debug */,
				D401293A235648C400E429D3 /* Release */,
			);
			defaultConfigurationIsVisible = 0;
			defaultConfigurationName = Release;
		};
		D401293B235648C400E429D3 /* Build configuration list for PBXNativeTarget "cine-app" */ = {
			isa = XCConfigurationList;
			buildConfigurations = (
				D401293C235648C400E429D3 /* Debug */,
				D401293D235648C400E429D3 /* Release */,
			);
			defaultConfigurationIsVisible = 0;
			defaultConfigurationName = Release;
		};
/* End XCConfigurationList section */
	};
	rootObject = D401291F235648BE00E429D3 /* Project object */;
}
